{
  "pins" : [
    {
      "identity" : "swift-docc-plugin",
      "kind" : "remoteSourceControl",
      "location" : "https://github.com/apple/swift-docc-plugin.git",
      "state" : {
        "revision" : "3303b164430d9a7055ba484c8ead67a52f7b74f6",
        "version" : "1.0.0"
      }
    },
    {
      "identity" : "swift-numeric-protocols",
      "kind" : "remoteSourceControl",
      "location" : "https://github.com/alexandrehsaad/swift-numeric-protocols.git",
      "state" : {
        "branch" : "main",
        "revision" : "8878e742478434196790ec9928e8fa86c0a717a0"
      }
    }
  ],
  "version" : 2
}
